
Microsoft Visual Studio Solution File, Format Version 12.00
# Visual Studio Version 17
VisualStudioVersion = 17.0.32112.339
MinimumVisualStudioVersion = 10.0.40219.1
Project("{9A19103F-16F7-4668-BE54-9A1E7A4F7556}") = "Flazzy", "Flazzy\Flazzy.csproj", "{885A2556-82AC-4F56-9FA6-40236CE3766D}"
EndProject
Project("{2150E333-8FDC-42A3-9474-1A3956D46DE8}") = "Solution Items", "Solution Items", "{F8218F21-3B89-47C5-97F8-56593CF59ED7}"
	ProjectSection(SolutionItems) = preProject
		.editorconfig = .editorconfig
	EndProjectSection
EndProject
Global
	GlobalSection(SolutionConfigurationPlatforms) = preSolution
		Debug|Any CPU = Debug|Any CPU
		Release|Any CPU = Release|Any CPU
	EndGlobalSection
	GlobalSection(ProjectConfigurationPlatforms) = postSolution
		{885A2556-82AC-4F56-9FA6-40236CE3766D}.Debug|Any CPU.ActiveCfg = Debug|Any CPU
		{885A2556-82AC-4F56-9FA6-40236CE3766D}.Debug|Any CPU.Build.0 = Debug|Any CPU
		{885A2556-82AC-4F56-9FA6-40236CE3766D}.Release|Any CPU.ActiveCfg = Release|Any CPU
		{885A2556-82AC-4F56-9FA6-40236CE3766D}.Release|Any CPU.Build.0 = Release|Any CPU
	EndGlobalSection
	GlobalSection(SolutionProperties) = preSolution
		HideSolutionNode = FALSE
	EndGlobalSection
	GlobalSection(ExtensibilityGlobals) = postSolution
		SolutionGuid = {7AAC4E6F-3820-461B-A83F-0B9D89DFC9E5}
	EndGlobalSection
EndGlobal
